PODS:
  - Alamofire (5.4.3)
  - CardIO (5.4.1)
  - HitPaySDK (1.0.6):
    - Alamofire
    - CardIO
    - KeychainSwift
    - MBProgressHUD
    - Spring
    - Stripe
    - SwiftyJSON
  - KeychainSwift (19.0.0)
  - MBProgressHUD (1.2.0)
  - Spring (1.0.5)
  - Stripe (21.4.0):
    - Stripe/Stripe3DS2 (= 21.4.0)
  - Stripe/Stripe3DS2 (21.4.0)
  - SwiftyJSON (5.0.1)

DEPENDENCIES:
  - HitPaySDK (from `../`)

SPEC REPOS:
  trunk:
    - Alamofire
    - CardIO
    - KeychainSwift
    - MBProgressHUD
    - Spring
    - Stripe
    - SwiftyJSON

EXTERNAL SOURCES:
  HitPaySDK:
    :path: "../"

SPEC CHECKSUMS:
  Alamofire: e447a2774a40c996748296fa2c55112fdbbc42f9
  CardIO: 56983b39b62f495fc6dae9ad7cf875143df06443
  HitPaySDK: ef54ed69fcd209c99b481fa65c2c44cfeef0e833
  KeychainSwift: a06190cf933ad46b1e0abc3d77d29c06331715c7
  MBProgressHUD: 3ee5efcc380f6a79a7cc9b363dd669c5e1ae7406
  Spring: 17901566c8ecf3a1327902b940406c64512f9bb1
  Stripe: 7c594b943abb65cf7bc28e37fd5124e65db3ce9e
  SwiftyJSON: 2f33a42c6fbc52764d96f13368585094bfd8aa5e

PODFILE CHECKSUM: b3503e88a65a135beee7d1c92328968c6c78344f

COCOAPODS: 1.10.1
